
Microsoft Visual Studio Solution File, Format Version 12.00
# Visual Studio Version 16
VisualStudioVersion = 16.0.31729.503
MinimumVisualStudioVersion = 10.0.40219.1
Project("{9A19103F-16F7-4668-BE54-9A1E7A4F7556}") = "HomeWork2", "HomeWork2\HomeWork2.csproj", "{0893886D-AD18-4F61-907B-2B2B6680F817}"
EndProject
Project("{FAE04EC0-301F-11D3-BF4B-00C04F79EFBC}") = "APIUnitTests", "APIUnitTests\APIUnitTests.csproj", "{C4E943A0-C14C-44B3-BB36-F22E232EC574}"
EndProject
Global
	GlobalSection(SolutionConfigurationPlatforms) = preSolution
		Debug|Any CPU = Debug|Any CPU
		Release|Any CPU = Release|Any CPU
	EndGlobalSection
	GlobalSection(ProjectConfigurationPlatforms) = postSolution
		{0893886D-AD18-4F61-907B-2B2B6680F817}.Debug|Any CPU.ActiveCfg = Debug|Any CPU
		{0893886D-AD18-4F61-907B-2B2B6680F817}.Debug|Any CPU.Build.0 = Debug|Any CPU
		{0893886D-AD18-4F61-907B-2B2B6680F817}.Release|Any CPU.ActiveCfg = Release|Any CPU
		{0893886D-AD18-4F61-907B-2B2B6680F817}.Release|Any CPU.Build.0 = Release|Any CPU
		{C4E943A0-C14C-44B3-BB36-F22E232EC574}.Debug|Any CPU.ActiveCfg = Debug|Any CPU
		{C4E943A0-C14C-44B3-BB36-F22E232EC574}.Debug|Any CPU.Build.0 = Debug|Any CPU
		{C4E943A0-C14C-44B3-BB36-F22E232EC574}.Release|Any CPU.ActiveCfg = Release|Any CPU
		{C4E943A0-C14C-44B3-BB36-F22E232EC574}.Release|Any CPU.Build.0 = Release|Any CPU
	EndGlobalSection
	GlobalSection(SolutionProperties) = preSolution
		HideSolutionNode = FALSE
	EndGlobalSection
	GlobalSection(ExtensibilityGlobals) = postSolution
		SolutionGuid = {C756D334-41D6-4F34-9AD4-AE9BB2A94CB4}
	EndGlobalSection
EndGlobal
